
Microsoft Visual Studio Solution File, Format Version 12.00
# Visual Studio 15
VisualStudioVersion = 15.0.27703.2047
MinimumVisualStudioVersion = 10.0.40219.1
Project("{FAE04EC0-301F-11D3-BF4B-00C04F79EFBC}") = "T12", "T12\T12.csproj", "{DA0B17E3-2FCE-4812-902B-7D4CDC62EADF}"
EndProject
Global
	GlobalSection(SolutionConfigurationPlatforms) = preSolution
		Debug|Any CPU = Debug|Any CPU
		Release|Any CPU = Release|Any CPU
	EndGlobalSection
	GlobalSection(ProjectConfigurationPlatforms) = postSolution
		{DA0B17E3-2FCE-4812-902B-7D4CDC62EADF}.Debug|Any CPU.ActiveCfg = Debug|Any CPU
		{DA0B17E3-2FCE-4812-902B-7D4CDC62EADF}.Debug|Any CPU.Build.0 = Debug|Any CPU
		{DA0B17E3-2FCE-4812-902B-7D4CDC62EADF}.Release|Any CPU.ActiveCfg = Release|Any CPU
		{DA0B17E3-2FCE-4812-902B-7D4CDC62EADF}.Release|Any CPU.Build.0 = Release|Any CPU
	EndGlobalSection
	GlobalSection(SolutionProperties) = preSolution
		HideSolutionNode = FALSE
	EndGlobalSection
	GlobalSection(ExtensibilityGlobals) = postSolution
		SolutionGuid = {79526316-5A4C-49D9-99AB-ADD7CBD09655}
	EndGlobalSection
EndGlobal
