
Microsoft Visual Studio Solution File, Format Version 12.00
# Visual Studio 15
VisualStudioVersion = 15.0.27703.2047
MinimumVisualStudioVersion = 10.0.40219.1
Project("{FAE04EC0-301F-11D3-BF4B-00C04F79EFBC}") = "T13", "T13\T13.csproj", "{7FEA48FE-9055-4E73-85F8-1C032DE19CD5}"
EndProject
Global
	GlobalSection(SolutionConfigurationPlatforms) = preSolution
		Debug|Any CPU = Debug|Any CPU
		Release|Any CPU = Release|Any CPU
	EndGlobalSection
	GlobalSection(ProjectConfigurationPlatforms) = postSolution
		{7FEA48FE-9055-4E73-85F8-1C032DE19CD5}.Debug|Any CPU.ActiveCfg = Debug|Any CPU
		{7FEA48FE-9055-4E73-85F8-1C032DE19CD5}.Debug|Any CPU.Build.0 = Debug|Any CPU
		{7FEA48FE-9055-4E73-85F8-1C032DE19CD5}.Release|Any CPU.ActiveCfg = Release|Any CPU
		{7FEA48FE-9055-4E73-85F8-1C032DE19CD5}.Release|Any CPU.Build.0 = Release|Any CPU
	EndGlobalSection
	GlobalSection(SolutionProperties) = preSolution
		HideSolutionNode = FALSE
	EndGlobalSection
	GlobalSection(ExtensibilityGlobals) = postSolution
		SolutionGuid = {3C9B0AAD-B539-43F6-AC84-73CA529096CA}
	EndGlobalSection
EndGlobal
