
Microsoft Visual Studio Solution File, Format Version 12.00
# Visual Studio 15
VisualStudioVersion = 15.0.27703.2047
MinimumVisualStudioVersion = 10.0.40219.1
Project("{FAE04EC0-301F-11D3-BF4B-00C04F79EFBC}") = "T2", "T2\T2.csproj", "{88EF61E8-CBC9-4A17-8D16-E591591D2729}"
EndProject
Global
	GlobalSection(SolutionConfigurationPlatforms) = preSolution
		Debug|Any CPU = Debug|Any CPU
		Release|Any CPU = Release|Any CPU
	EndGlobalSection
	GlobalSection(ProjectConfigurationPlatforms) = postSolution
		{88EF61E8-CBC9-4A17-8D16-E591591D2729}.Debug|Any CPU.ActiveCfg = Debug|Any CPU
		{88EF61E8-CBC9-4A17-8D16-E591591D2729}.Debug|Any CPU.Build.0 = Debug|Any CPU
		{88EF61E8-CBC9-4A17-8D16-E591591D2729}.Release|Any CPU.ActiveCfg = Release|Any CPU
		{88EF61E8-CBC9-4A17-8D16-E591591D2729}.Release|Any CPU.Build.0 = Release|Any CPU
	EndGlobalSection
	GlobalSection(SolutionProperties) = preSolution
		HideSolutionNode = FALSE
	EndGlobalSection
	GlobalSection(ExtensibilityGlobals) = postSolution
		SolutionGuid = {C2BC740F-F5B8-4FDA-BE27-487F554CBE81}
	EndGlobalSection
EndGlobal
